
Microsoft Visual Studio Solution File, Format Version 12.00
# Visual Studio Version 16
VisualStudioVersion = 16.0.30621.155
MinimumVisualStudioVersion = 10.0.40219.1
Project("{8BC9CEB8-8B4A-11D0-8D11-00A0C91BC942}") = "LinearSystem", "LinearSystem.vcxproj", "{C28F573D-AD3A-4E42-B2AD-73C5006F7904}"
EndProject
Global
	GlobalSection(SolutionConfigurationPlatforms) = preSolution
		Debug|x64 = Debug|x64
		Debug|x86 = Debug|x86
		Release|x64 = Release|x64
		Release|x86 = Release|x86
	EndGlobalSection
	GlobalSection(ProjectConfigurationPlatforms) = postSolution
		{C28F573D-AD3A-4E42-B2AD-73C5006F7904}.Debug|x64.ActiveCfg = Debug|x64
		{C28F573D-AD3A-4E42-B2AD-73C5006F7904}.Debug|x64.Build.0 = Debug|x64
		{C28F573D-AD3A-4E42-B2AD-73C5006F7904}.Debug|x86.ActiveCfg = Debug|Win32
		{C28F573D-AD3A-4E42-B2AD-73C5006F7904}.Debug|x86.Build.0 = Debug|Win32
		{C28F573D-AD3A-4E42-B2AD-73C5006F7904}.Release|x64.ActiveCfg = Release|x64
		{C28F573D-AD3A-4E42-B2AD-73C5006F7904}.Release|x64.Build.0 = Release|x64
		{C28F573D-AD3A-4E42-B2AD-73C5006F7904}.Release|x86.ActiveCfg = Release|Win32
		{C28F573D-AD3A-4E42-B2AD-73C5006F7904}.Release|x86.Build.0 = Release|Win32
	EndGlobalSection
	GlobalSection(SolutionProperties) = preSolution
		HideSolutionNode = FALSE
	EndGlobalSection
	GlobalSection(ExtensibilityGlobals) = postSolution
		SolutionGuid = {B5DC2A5A-B748-408E-95DF-FA46847D9AA6}
	EndGlobalSection
EndGlobal
